// !$*UTF8*$!
{
	archiveVersion = 1;
	classes = {
	};
	objectVersion = 46;
	objects = {

/* Begin PBXBuildFile section */
		521306B4191EDC4900918F34 /* Foundation.framework in Frameworks */ = {isa = PBXBuildFile; fileRef = 521306B3191EDC4900918F34 /* Foundation.framework */; };
		521306B6191EDC4900918F34 /* CoreGraphics.framework in Frameworks */ = {isa = PBXBuildFile; fileRef = 521306B5191EDC4900918F34 /* CoreGraphics.framework */; };
		521306B8191EDC4900918F34 /* UIKit.framework in Frameworks */ = {isa = PBXBuildFile; fileRef = 521306B7191EDC4900918F34 /* UIKit.framework */; };
		521306BE191EDC4900918F34 /* InfoPlist.strings in Resources */ = {isa = PBXBuildFile; fileRef = 521306BC191EDC4900918F34 /* InfoPlist.strings */; };
		521306C0191EDC4900918F34 /* main.m in Sources */ = {isa = PBXBuildFile; fileRef = 521306BF191EDC4900918F34 /* main.m */; };
		521306C4191EDC4900918F34 /* RockTopoAppDelegate.m in Sources */ = {isa = PBXBuildFile; fileRef = 521306C3191EDC4900918F34 /* RockTopoAppDelegate.m */; };
		521306CC191EDC4900918F34 /* Images.xcassets in Resources */ = {isa = PBXBuildFile; fileRef = 521306CB191EDC4900918F34 /* Images.xcassets */; };
		521306D3191EDC4900918F34 /* XCTest.framework in Frameworks */ = {isa = PBXBuildFile; fileRef = 521306D2191EDC4900918F34 /* XCTest.framework */; };
		521306D4191EDC4900918F34 /* Foundation.framework in Frameworks */ = {isa = PBXBuildFile; fileRef = 521306B3191EDC4900918F34 /* Foundation.framework */; };
		521306D5191EDC4900918F34 /* UIKit.framework in Frameworks */ = {isa = PBXBuildFile; fileRef = 521306B7191EDC4900918F34 /* UIKit.framework */; };
		521306DD191EDC4900918F34 /* InfoPlist.strings in Resources */ = {isa = PBXBuildFile; fileRef = 521306DB191EDC4900918F34 /* InfoPlist.strings */; };
		521306DF191EDC4900918F34 /* Rock_TopoTests.m in Sources */ = {isa = PBXBuildFile; fileRef = 521306DE191EDC4900918F34 /* Rock_TopoTests.m */; };
		5231C3331972F1910090F055 /* SaveImageSettingsView.m in Sources */ = {isa = PBXBuildFile; fileRef = 5231C3321972F1910090F055 /* SaveImageSettingsView.m */; };
		5231C3361972F3530090F055 /* SaveImageSettingsViewController.m in Sources */ = {isa = PBXBuildFile; fileRef = 5231C3351972F3530090F055 /* SaveImageSettingsViewController.m */; };
		5231C339197A21720090F055 /* NSMutableDictionary+ImageMetadata.m in Sources */ = {isa = PBXBuildFile; fileRef = 5231C338197A21720090F055 /* NSMutableDictionary+ImageMetadata.m */; settings = {COMPILER_FLAGS = "-fno-objc-arc"; }; };
		5284309819201BB100E7ECB8 /* cameraViewController.m in Sources */ = {isa = PBXBuildFile; fileRef = 5284309719201BB100E7ECB8 /* cameraViewController.m */; };
		5284309B19201DA200E7ECB8 /* cameraView.m in Sources */ = {isa = PBXBuildFile; fileRef = 5284309A19201DA200E7ECB8 /* cameraView.m */; };
		528430A619203DA700E7ECB8 /* PhotoEditorViewController.m in Sources */ = {isa = PBXBuildFile; fileRef = 528430A519203DA700E7ECB8 /* PhotoEditorViewController.m */; };
		528430A91920445800E7ECB8 /* PhotoEditorView.m in Sources */ = {isa = PBXBuildFile; fileRef = 528430A81920445800E7ECB8 /* PhotoEditorView.m */; };
		528CF67E197AE39E006041C6 /* Default-586h@2x.png in Resources */ = {isa = PBXBuildFile; fileRef = 528CF67D197AE39E006041C6 /* Default-586h@2x.png */; };
		52C94800197C1961006B0209 /* MenuSubView.m in Sources */ = {isa = PBXBuildFile; fileRef = 52C947FF197C1961006B0209 /* MenuSubView.m */; };
		52DAC336197AF3E5009B1605 /* Main.storyboard in Resources */ = {isa = PBXBuildFile; fileRef = 52DAC334197AF3E5009B1605 /* Main.storyboard */; };
		52F1F41419724F4600740CF2 /* DrawingOverlay.m in Sources */ = {isa = PBXBuildFile; fileRef = 52F1F41319724F4600740CF2 /* DrawingOverlay.m */; };
/* End PBXBuildFile section */

/* Begin PBXContainerItemProxy section */
		521306D6191EDC4900918F34 /* PBXContainerItemProxy */ = {
			isa = PBXContainerItemProxy;
			containerPortal = 521306A8191EDC4900918F34 /* Project object */;
			proxyType = 1;
			remoteGlobalIDString = 521306AF191EDC4900918F34;
			remoteInfo = "Rock-Topo";
		};
/* End PBXContainerItemProxy section */

/* Begin PBXFileReference section */
		521306B0191EDC4900918F34 /* Rock-Topo.app */ = {isa = PBXFileReference; explicitFileType = wrapper.application; includeInIndex = 0; path = "Rock-Topo.app"; sourceTree = BUILT_PRODUCTS_DIR; };
		521306B3191EDC4900918F34 /* Foundation.framework */ = {isa = PBXFileReference; lastKnownFileType = wrapper.framework; name = Foundation.framework; path = System/Library/Frameworks/Foundation.framework; sourceTree = SDKROOT; };
		521306B5191EDC4900918F34 /* CoreGraphics.framework */ = {isa = PBXFileReference; lastKnownFileType = wrapper.framework; name = CoreGraphics.framework; path = System/Library/Frameworks/CoreGraphics.framework; sourceTree = SDKROOT; };
		521306B7191EDC4900918F34 /* UIKit.framework */ = {isa = PBXFileReference; lastKnownFileType = wrapper.framework; name = UIKit.framework; path = System/Library/Frameworks/UIKit.framework; sourceTree = SDKROOT; };
		521306BB191EDC4900918F34 /* Rock-Topo-Info.plist */ = {isa = PBXFileReference; lastKnownFileType = text.plist.xml; path = "Rock-Topo-Info.plist"; sourceTree = "<group>"; };
		521306BD191EDC4900918F34 /* en */ = {isa = PBXFileReference; lastKnownFileType = text.plist.strings; name = en; path = en.lproj/InfoPlist.strings; sourceTree = "<group>"; };
		521306BF191EDC4900918F34 /* main.m */ = {isa = PBXFileReference; lastKnownFileType = sourcecode.c.objc; path = main.m; sourceTree = "<group>"; };
		521306C1191EDC4900918F34 /* Rock-Topo-Prefix.pch */ = {isa = PBXFileReference; lastKnownFileType = sourcecode.c.h; path = "Rock-Topo-Prefix.pch"; sourceTree = "<group>"; };
		521306C2191EDC4900918F34 /* RockTopoAppDelegate.h */ = {isa = PBXFileReference; lastKnownFileType = sourcecode.c.h; path = RockTopoAppDelegate.h; sourceTree = "<group>"; };
		521306C3191EDC4900918F34 /* RockTopoAppDelegate.m */ = {isa = PBXFileReference; lastKnownFileType = sourcecode.c.objc; path = RockTopoAppDelegate.m; sourceTree = "<group>"; };
		521306CB191EDC4900918F34 /* Images.xcassets */ = {isa = PBXFileReference; lastKnownFileType = folder.assetcatalog; path = Images.xcassets; sourceTree = "<group>"; };
		521306D1191EDC4900918F34 /* Rock-TopoTests.xctest */ = {isa = PBXFileReference; explicitFileType = wrapper.cfbundle; includeInIndex = 0; path = "Rock-TopoTests.xctest"; sourceTree = BUILT_PRODUCTS_DIR; };
		521306D2191EDC4900918F34 /* XCTest.framework */ = {isa = PBXFileReference; lastKnownFileType = wrapper.framework; name = XCTest.framework; path = Library/Frameworks/XCTest.framework; sourceTree = DEVELOPER_DIR; };
		521306DA191EDC4900918F34 /* Rock-TopoTests-Info.plist */ = {isa = PBXFileReference; lastKnownFileType = text.plist.xml; path = "Rock-TopoTests-Info.plist"; sourceTree = "<group>"; };
		521306DC191EDC4900918F34 /* en */ = {isa = PBXFileReference; lastKnownFileType = text.plist.strings; name = en; path = en.lproj/InfoPlist.strings; sourceTree = "<group>"; };
		521306DE191EDC4900918F34 /* Rock_TopoTests.m */ = {isa = PBXFileReference; lastKnownFileType = sourcecode.c.objc; path = Rock_TopoTests.m; sourceTree = "<group>"; };
		5231C3311972F1910090F055 /* SaveImageSettingsView.h */ = {isa = PBXFileReference; fileEncoding = 4; lastKnownFileType = sourcecode.c.h; path = SaveImageSettingsView.h; sourceTree = "<group>"; };
		5231C3321972F1910090F055 /* SaveImageSettingsView.m */ = {isa = PBXFileReference; fileEncoding = 4; lastKnownFileType = sourcecode.c.objc; path = SaveImageSettingsView.m; sourceTree = "<group>"; };
		5231C3341972F3530090F055 /* SaveImageSettingsViewController.h */ = {isa = PBXFileReference; fileEncoding = 4; lastKnownFileType = sourcecode.c.h; path = SaveImageSettingsViewController.h; sourceTree = "<group>"; };
		5231C3351972F3530090F055 /* SaveImageSettingsViewController.m */ = {isa = PBXFileReference; fileEncoding = 4; lastKnownFileType = sourcecode.c.objc; path = SaveImageSettingsViewController.m; sourceTree = "<group>"; };
		5231C337197A21720090F055 /* NSMutableDictionary+ImageMetadata.h */ = {isa = PBXFileReference; fileEncoding = 4; lastKnownFileType = sourcecode.c.h; path = "NSMutableDictionary+ImageMetadata.h"; sourceTree = "<group>"; };
		5231C338197A21720090F055 /* NSMutableDictionary+ImageMetadata.m */ = {isa = PBXFileReference; fileEncoding = 4; lastKnownFileType = sourcecode.c.objc; path = "NSMutableDictionary+ImageMetadata.m"; sourceTree = "<group>"; };
		5284309619201BB100E7ECB8 /* cameraViewController.h */ = {isa = PBXFileReference; fileEncoding = 4; lastKnownFileType = sourcecode.c.h; path = cameraViewController.h; sourceTree = "<group>"; };
		5284309719201BB100E7ECB8 /* cameraViewController.m */ = {isa = PBXFileReference; fileEncoding = 4; lastKnownFileType = sourcecode.c.objc; path = cameraViewController.m; sourceTree = "<group>"; };
		5284309919201DA200E7ECB8 /* cameraView.h */ = {isa = PBXFileReference; fileEncoding = 4; lastKnownFileType = sourcecode.c.h; path = cameraView.h; sourceTree = "<group>"; };
		5284309A19201DA200E7ECB8 /* cameraView.m */ = {isa = PBXFileReference; fileEncoding = 4; lastKnownFileType = sourcecode.c.objc; path = cameraView.m; sourceTree = "<group>"; };
		528430A419203DA700E7ECB8 /* PhotoEditorViewController.h */ = {isa = PBXFileReference; fileEncoding = 4; lastKnownFileType = sourcecode.c.h; path = PhotoEditorViewController.h; sourceTree = "<group>"; };
		528430A519203DA700E7ECB8 /* PhotoEditorViewController.m */ = {isa = PBXFileReference; fileEncoding = 4; lastKnownFileType = sourcecode.c.objc; path = PhotoEditorViewController.m; sourceTree = "<group>"; };
		528430A71920445800E7ECB8 /* PhotoEditorView.h */ = {isa = PBXFileReference; fileEncoding = 4; lastKnownFileType = sourcecode.c.h; path = PhotoEditorView.h; sourceTree = "<group>"; };
		528430A81920445800E7ECB8 /* PhotoEditorView.m */ = {isa = PBXFileReference; fileEncoding = 4; lastKnownFileType = sourcecode.c.objc; path = PhotoEditorView.m; sourceTree = "<group>"; };
		528CF67D197AE39E006041C6 /* Default-586h@2x.png */ = {isa = PBXFileReference; lastKnownFileType = image.png; name = "Default-586h@2x.png"; path = "../Default-586h@2x.png"; sourceTree = "<group>"; };
		52C947FE197C1961006B0209 /* MenuSubView.h */ = {isa = PBXFileReference; fileEncoding = 4; lastKnownFileType = sourcecode.c.h; path = MenuSubView.h; sourceTree = "<group>"; };
		52C947FF197C1961006B0209 /* MenuSubView.m */ = {isa = PBXFileReference; fileEncoding = 4; lastKnownFileType = sourcecode.c.objc; path = MenuSubView.m; sourceTree = "<group>"; };
		52DAC335197AF3E5009B1605 /* Base */ = {isa = PBXFileReference; lastKnownFileType = file.storyboard; name = Base; path = Base.lproj/Main.storyboard; sourceTree = "<group>"; };
		52F1F41219724F4600740CF2 /* DrawingOverlay.h */ = {isa = PBXFileReference; fileEncoding = 4; lastKnownFileType = sourcecode.c.h; path = DrawingOverlay.h; sourceTree = "<group>"; };
		52F1F41319724F4600740CF2 /* DrawingOverlay.m */ = {isa = PBXFileReference; fileEncoding = 4; lastKnownFileType = sourcecode.c.objc; path = DrawingOverlay.m; sourceTree = "<group>"; };
/* End PBXFileReference section */

/* Begin PBXFrameworksBuildPhase section */
		521306AD191EDC4900918F34 /* Frameworks */ = {
			isa = PBXFrameworksBuildPhase;
			buildActionMask = 2147483647;
			files = (
				521306B6191EDC4900918F34 /* CoreGraphics.framework in Frameworks */,
				521306B8191EDC4900918F34 /* UIKit.framework in Frameworks */,
				521306B4191EDC4900918F34 /* Foundation.framework in Frameworks */,
			);
			runOnlyForDeploymentPostprocessing = 0;
		};
		521306CE191EDC4900918F34 /* Frameworks */ = {
			isa = PBXFrameworksBuildPhase;
			buildActionMask = 2147483647;
			files = (
				521306D3191EDC4900918F34 /* XCTest.framework in Frameworks */,
				521306D5191EDC4900918F34 /* UIKit.framework in Frameworks */,
				521306D4191EDC4900918F34 /* Foundation.framework in Frameworks */,
			);
			runOnlyForDeploymentPostprocessing = 0;
		};
/* End PBXFrameworksBuildPhase section */

/* Begin PBXGroup section */
		521306A7191EDC4900918F34 = {
			isa = PBXGroup;
			children = (
				5231C33A197A21760090F055 /* exif Handler */,
				521306B9191EDC4900918F34 /* Rock-Topo */,
				521306D8191EDC4900918F34 /* Rock-TopoTests */,
				521306B2191EDC4900918F34 /* Frameworks */,
				521306B1191EDC4900918F34 /* Products */,
			);
			sourceTree = "<group>";
		};
		521306B1191EDC4900918F34 /* Products */ = {
			isa = PBXGroup;
			children = (
				521306B0191EDC4900918F34 /* Rock-Topo.app */,
				521306D1191EDC4900918F34 /* Rock-TopoTests.xctest */,
			);
			name = Products;
			sourceTree = "<group>";
		};
		521306B2191EDC4900918F34 /* Frameworks */ = {
			isa = PBXGroup;
			children = (
				521306B3191EDC4900918F34 /* Foundation.framework */,
				521306B5191EDC4900918F34 /* CoreGraphics.framework */,
				521306B7191EDC4900918F34 /* UIKit.framework */,
				521306D2191EDC4900918F34 /* XCTest.framework */,
			);
			name = Frameworks;
			sourceTree = "<group>";
		};
		521306B9191EDC4900918F34 /* Rock-Topo */ = {
			isa = PBXGroup;
			children = (
				521306C2191EDC4900918F34 /* RockTopoAppDelegate.h */,
				521306C3191EDC4900918F34 /* RockTopoAppDelegate.m */,
				52DAC334197AF3E5009B1605 /* Main.storyboard */,
				5284309C19201DAB00E7ECB8 /* Camera */,
				5284309D19203C3A00E7ECB8 /* PhotoEditor */,
				52843080191EE6A300E7ECB8 /* Model */,
				521306CB191EDC4900918F34 /* Images.xcassets */,
				521306BA191EDC4900918F34 /* Supporting Files */,
			);
			path = "Rock-Topo";
			sourceTree = "<group>";
		};
		521306BA191EDC4900918F34 /* Supporting Files */ = {
			isa = PBXGroup;
			children = (
				528CF67D197AE39E006041C6 /* Default-586h@2x.png */,
				521306BB191EDC4900918F34 /* Rock-Topo-Info.plist */,
				521306BC191EDC4900918F34 /* InfoPlist.strings */,
				521306BF191EDC4900918F34 /* main.m */,
				521306C1191EDC4900918F34 /* Rock-Topo-Prefix.pch */,
			);
			name = "Supporting Files";
			sourceTree = "<group>";
		};
		521306D8191EDC4900918F34 /* Rock-TopoTests */ = {
			isa = PBXGroup;
			children = (
				521306DE191EDC4900918F34 /* Rock_TopoTests.m */,
				521306D9191EDC4900918F34 /* Supporting Files */,
			);
			path = "Rock-TopoTests";
			sourceTree = "<group>";
		};
		521306D9191EDC4900918F34 /* Supporting Files */ = {
			isa = PBXGroup;
			children = (
				521306DA191EDC4900918F34 /* Rock-TopoTests-Info.plist */,
				521306DB191EDC4900918F34 /* InfoPlist.strings */,
			);
			name = "Supporting Files";
			sourceTree = "<group>";
		};
		5231C3301972F12E0090F055 /* SaveImage */ = {
			isa = PBXGroup;
			children = (
				5231C3311972F1910090F055 /* SaveImageSettingsView.h */,
				5231C3321972F1910090F055 /* SaveImageSettingsView.m */,
				5231C3341972F3530090F055 /* SaveImageSettingsViewController.h */,
				5231C3351972F3530090F055 /* SaveImageSettingsViewController.m */,
			);
			name = SaveImage;
			sourceTree = "<group>";
		};
		5231C33A197A21760090F055 /* exif Handler */ = {
			isa = PBXGroup;
			children = (
				5231C337197A21720090F055 /* NSMutableDictionary+ImageMetadata.h */,
				5231C338197A21720090F055 /* NSMutableDictionary+ImageMetadata.m */,
			);
			name = "exif Handler";
			sourceTree = "<group>";
		};
		52843080191EE6A300E7ECB8 /* Model */ = {
			isa = PBXGroup;
			children = (
			);
			name = Model;
			sourceTree = "<group>";
		};
		5284309C19201DAB00E7ECB8 /* Camera */ = {
			isa = PBXGroup;
			children = (
				5284309919201DA200E7ECB8 /* cameraView.h */,
				5284309A19201DA200E7ECB8 /* cameraView.m */,
				5284309619201BB100E7ECB8 /* cameraViewController.h */,
				5284309719201BB100E7ECB8 /* cameraViewController.m */,
				52C947FD197C1945006B0209 /* Menu Sub View */,
			);
			name = Camera;
			sourceTree = "<group>";
		};
		5284309D19203C3A00E7ECB8 /* PhotoEditor */ = {
			isa = PBXGroup;
			children = (
				528430A71920445800E7ECB8 /* PhotoEditorView.h */,
				528430A81920445800E7ECB8 /* PhotoEditorView.m */,
				52F1F41219724F4600740CF2 /* DrawingOverlay.h */,
				52F1F41319724F4600740CF2 /* DrawingOverlay.m */,
				528430A419203DA700E7ECB8 /* PhotoEditorViewController.h */,
				528430A519203DA700E7ECB8 /* PhotoEditorViewController.m */,
				5231C3301972F12E0090F055 /* SaveImage */,
			);
			name = PhotoEditor;
			sourceTree = "<group>";
		};
		52C947FD197C1945006B0209 /* Menu Sub View */ = {
			isa = PBXGroup;
			children = (
				52C947FE197C1961006B0209 /* MenuSubView.h */,
				52C947FF197C1961006B0209 /* MenuSubView.m */,
			);
			name = "Menu Sub View";
			sourceTree = "<group>";
		};
/* End PBXGroup section */

/* Begin PBXNativeTarget section */
		521306AF191EDC4900918F34 /* Rock-Topo */ = {
			isa = PBXNativeTarget;
			buildConfigurationList = 521306E2191EDC4900918F34 /* Build configuration list for PBXNativeTarget "Rock-Topo" */;
			buildPhases = (
				521306AC191EDC4900918F34 /* Sources */,
				521306AD191EDC4900918F34 /* Frameworks */,
				521306AE191EDC4900918F34 /* Resources */,
			);
			buildRules = (
			);
			dependencies = (
			);
			name = "Rock-Topo";
			productName = "Rock-Topo";
			productReference = 521306B0191EDC4900918F34 /* Rock-Topo.app */;
			productType = "com.apple.product-type.application";
		};
		521306D0191EDC4900918F34 /* Rock-TopoTests */ = {
			isa = PBXNativeTarget;
			buildConfigurationList = 521306E5191EDC4900918F34 /* Build configuration list for PBXNativeTarget "Rock-TopoTests" */;
			buildPhases = (
				521306CD191EDC4900918F34 /* Sources */,
				521306CE191EDC4900918F34 /* Frameworks */,
				521306CF191EDC4900918F34 /* Resources */,
			);
			buildRules = (
			);
			dependencies = (
				521306D7191EDC4900918F34 /* PBXTargetDependency */,
			);
			name = "Rock-TopoTests";
			productName = "Rock-TopoTests";
			productReference = 521306D1191EDC4900918F34 /* Rock-TopoTests.xctest */;
			productType = "com.apple.product-type.bundle.unit-test";
		};
/* End PBXNativeTarget section */

/* Begin PBXProject section */
		521306A8191EDC4900918F34 /* Project object */ = {
			isa = PBXProject;
			attributes = {
				CLASSPREFIX = RockTopo;
				LastUpgradeCheck = 0510;
				ORGANIZATIONNAME = "John Stromme";
				TargetAttributes = {
					521306D0191EDC4900918F34 = {
						TestTargetID = 521306AF191EDC4900918F34;
					};
				};
			};
			buildConfigurationList = 521306AB191EDC4900918F34 /* Build configuration list for PBXProject "Rock-Topo" */;
			compatibilityVersion = "Xcode 3.2";
			developmentRegion = English;
			hasScannedForEncodings = 0;
			knownRegions = (
				en,
				Base,
			);
			mainGroup = 521306A7191EDC4900918F34;
			productRefGroup = 521306B1191EDC4900918F34 /* Products */;
			projectDirPath = "";
			projectRoot = "";
			targets = (
				521306AF191EDC4900918F34 /* Rock-Topo */,
				521306D0191EDC4900918F34 /* Rock-TopoTests */,
			);
		};
/* End PBXProject section */

/* Begin PBXResourcesBuildPhase section */
		521306AE191EDC4900918F34 /* Resources */ = {
			isa = PBXResourcesBuildPhase;
			buildActionMask = 2147483647;
			files = (
				521306CC191EDC4900918F34 /* Images.xcassets in Resources */,
				528CF67E197AE39E006041C6 /* Default-586h@2x.png in Resources */,
				521306BE191EDC4900918F34 /* InfoPlist.strings in Resources */,
				52DAC336197AF3E5009B1605 /* Main.storyboard in Resources */,
			);
			runOnlyForDeploymentPostprocessing = 0;
		};
		521306CF191EDC4900918F34 /* Resources */ = {
			isa = PBXResourcesBuildPhase;
			buildActionMask = 2147483647;
			files = (
				521306DD191EDC4900918F34 /* InfoPlist.strings in Resources */,
			);
			runOnlyForDeploymentPostprocessing = 0;
		};
/* End PBXResourcesBuildPhase section */

/* Begin PBXSourcesBuildPhase section */
		521306AC191EDC4900918F34 /* Sources */ = {
			isa = PBXSourcesBuildPhase;
			buildActionMask = 2147483647;
			files = (
				5231C3361972F3530090F055 /* SaveImageSettingsViewController.m in Sources */,
				528430A619203DA700E7ECB8 /* PhotoEditorViewController.m in Sources */,
				5231C339197A21720090F055 /* NSMutableDictionary+ImageMetadata.m in Sources */,
				5231C3331972F1910090F055 /* SaveImageSettingsView.m in Sources */,
				5284309819201BB100E7ECB8 /* cameraViewController.m in Sources */,
				5284309B19201DA200E7ECB8 /* cameraView.m in Sources */,
				521306C0191EDC4900918F34 /* main.m in Sources */,
				521306C4191EDC4900918F34 /* RockTopoAppDelegate.m in Sources */,
				528430A91920445800E7ECB8 /* PhotoEditorView.m in Sources */,
				52C94800197C1961006B0209 /* MenuSubView.m in Sources */,
				52F1F41419724F4600740CF2 /* DrawingOverlay.m in Sources */,
			);
			runOnlyForDeploymentPostprocessing = 0;
		};
		521306CD191EDC4900918F34 /* Sources */ = {
			isa = PBXSourcesBuildPhase;
			buildActionMask = 2147483647;
			files = (
				521306DF191EDC4900918F34 /* Rock_TopoTests.m in Sources */,
			);
			runOnlyForDeploymentPostprocessing = 0;
		};
/* End PBXSourcesBuildPhase section */

/* Begin PBXTargetDependency section */
		521306D7191EDC4900918F34 /* PBXTargetDependency */ = {
			isa = PBXTargetDependency;
			target = 521306AF191EDC4900918F34 /* Rock-Topo */;
			targetProxy = 521306D6191EDC4900918F34 /* PBXContainerItemProxy */;
		};
/* End PBXTargetDependency section */

/* Begin PBXVariantGroup section */
		521306BC191EDC4900918F34 /* InfoPlist.strings */ = {
			isa = PBXVariantGroup;
			children = (
				521306BD191EDC4900918F34 /* en */,
			);
			name = InfoPlist.strings;
			sourceTree = "<group>";
		};
		521306DB191EDC4900918F34 /* InfoPlist.strings */ = {
			isa = PBXVariantGroup;
			children = (
				521306DC191EDC4900918F34 /* en */,
			);
			name = InfoPlist.strings;
			sourceTree = "<group>";
		};
		52DAC334197AF3E5009B1605 /* Main.storyboard */ = {
			isa = PBXVariantGroup;
			children = (
				52DAC335197AF3E5009B1605 /* Base */,
			);
			name = Main.storyboard;
			sourceTree = "<group>";
		};
/* End PBXVariantGroup section */

/* Begin XCBuildConfiguration section */
		521306E0191EDC4900918F34 /* Debug */ = {
			isa = XCBuildConfiguration;
			buildSettings = {
				ALWAYS_SEARCH_USER_PATHS = NO;
				CLANG_CXX_LANGUAGE_STANDARD = "gnu++0x";
				CLANG_CXX_LIBRARY = "libc++";
				CLANG_ENABLE_MODULES = YES;
				CLANG_ENABLE_OBJC_ARC = YES;
				CLANG_WARN_BOOL_CONVERSION = YES;
				CLANG_WARN_CONSTANT_CONVERSION = YES;
				CLANG_WARN_DIRECT_OBJC_ISA_USAGE = YES_ERROR;
				CLANG_WARN_EMPTY_BODY = YES;
				CLANG_WARN_ENUM_CONVERSION = YES;
				CLANG_WARN_INT_CONVERSION = YES;
				CLANG_WARN_OBJC_ROOT_CLASS = YES_ERROR;
				CLANG_WARN__DUPLICATE_METHOD_MATCH = YES;
				"CODE_SIGN_IDENTITY[sdk=iphoneos*]" = "iPhone Developer";
				COPY_PHASE_STRIP = NO;
				GCC_C_LANGUAGE_STANDARD = gnu99;
				GCC_DYNAMIC_NO_PIC = NO;
				GCC_OPTIMIZATION_LEVEL = 0;
				GCC_PREPROCESSOR_DEFINITIONS = (
					"DEBUG=1",
					"$(inherited)",
				);
				GCC_SYMBOLS_PRIVATE_EXTERN = NO;
				GCC_WARN_64_TO_32_BIT_CONVERSION = YES;
				GCC_WARN_ABOUT_RETURN_TYPE = YES_ERROR;
				GCC_WARN_UNDECLARED_SELECTOR = YES;
				GCC_WARN_UNINITIALIZED_AUTOS = YES_AGGRESSIVE;
				GCC_WARN_UNUSED_FUNCTION = YES;
				GCC_WARN_UNUSED_VARIABLE = YES;
				IPHONEOS_DEPLOYMENT_TARGET = 7.1;
				ONLY_ACTIVE_ARCH = YES;
				SDKROOT = iphoneos;
			};
			name = Debug;
		};
		521306E1191EDC4900918F34 /* Release */ = {
			isa = XCBuildConfiguration;
			buildSettings = {
				ALWAYS_SEARCH_USER_PATHS = NO;
				CLANG_CXX_LANGUAGE_STANDARD = "gnu++0x";
				CLANG_CXX_LIBRARY = "libc++";
				CLANG_ENABLE_MODULES = YES;
				CLANG_ENABLE_OBJC_ARC = YES;
				CLANG_WARN_BOOL_CONVERSION = YES;
				CLANG_WARN_CONSTANT_CONVERSION = YES;
				CLANG_WARN_DIRECT_OBJC_ISA_USAGE = YES_ERROR;
				CLANG_WARN_EMPTY_BODY = YES;
				CLANG_WARN_ENUM_CONVERSION = YES;
				CLANG_WARN_INT_CONVERSION = YES;
				CLANG_WARN_OBJC_ROOT_CLASS = YES_ERROR;
				CLANG_WARN__DUPLICATE_METHOD_MATCH = YES;
				"CODE_SIGN_IDENTITY[sdk=iphoneos*]" = "iPhone Developer";
				COPY_PHASE_STRIP = YES;
				ENABLE_NS_ASSERTIONS = NO;
				GCC_C_LANGUAGE_STANDARD = gnu99;
				GCC_WARN_64_TO_32_BIT_CONVERSION = YES;
				GCC_WARN_ABOUT_RETURN_TYPE = YES_ERROR;
				GCC_WARN_UNDECLARED_SELECTOR = YES;
				GCC_WARN_UNINITIALIZED_AUTOS = YES_AGGRESSIVE;
				GCC_WARN_UNUSED_FUNCTION = YES;
				GCC_WARN_UNUSED_VARIABLE = YES;
				IPHONEOS_DEPLOYMENT_TARGET = 7.1;
				SDKROOT = iphoneos;
				VALIDATE_PRODUCT = YES;
			};
			name = Release;
		};
		521306E3191EDC4900918F34 /* Debug */ = {
			isa = XCBuildConfiguration;
			buildSettings = {
				ASSETCATALOG_COMPILER_APPICON_NAME = AppIcon;
				ASSETCATALOG_COMPILER_LAUNCHIMAGE_NAME = LaunchImage;
				GCC_PRECOMPILE_PREFIX_HEADER = YES;
				GCC_PREFIX_HEADER = "Rock-Topo/Rock-Topo-Prefix.pch";
				INFOPLIST_FILE = "Rock-Topo/Rock-Topo-Info.plist";
				PRODUCT_NAME = "$(TARGET_NAME)";
				WRAPPER_EXTENSION = app;
			};
			name = Debug;
		};
		521306E4191EDC4900918F34 /* Release */ = {
			isa = XCBuildConfiguration;
			buildSettings = {
				ASSETCATALOG_COMPILER_APPICON_NAME = AppIcon;
				ASSETCATALOG_COMPILER_LAUNCHIMAGE_NAME = LaunchImage;
				GCC_PRECOMPILE_PREFIX_HEADER = YES;
				GCC_PREFIX_HEADER = "Rock-Topo/Rock-Topo-Prefix.pch";
				INFOPLIST_FILE = "Rock-Topo/Rock-Topo-Info.plist";
				PRODUCT_NAME = "$(TARGET_NAME)";
				WRAPPER_EXTENSION = app;
			};
			name = Release;
		};
		521306E6191EDC4900918F34 /* Debug */ = {
			isa = XCBuildConfiguration;
			buildSettings = {
				BUNDLE_LOADER = "$(BUILT_PRODUCTS_DIR)/Rock-Topo.app/Rock-Topo";
				FRAMEWORK_SEARCH_PATHS = (
					"$(SDKROOT)/Developer/Library/Frameworks",
					"$(inherited)",
					"$(DEVELOPER_FRAMEWORKS_DIR)",
				);
				GCC_PRECOMPILE_PREFIX_HEADER = YES;
				GCC_PREFIX_HEADER = "Rock-Topo/Rock-Topo-Prefix.pch";
				GCC_PREPROCESSOR_DEFINITIONS = (
					"DEBUG=1",
					"$(inherited)",
				);
				INFOPLIST_FILE = "Rock-TopoTests/Rock-TopoTests-Info.plist";
				PRODUCT_NAME = "$(TARGET_NAME)";
				TEST_HOST = "$(BUNDLE_LOADER)";
				WRAPPER_EXTENSION = xctest;
			};
			name = Debug;
		};
		521306E7191EDC4900918F34 /* Release */ = {
			isa = XCBuildConfiguration;
			buildSettings = {
				BUNDLE_LOADER = "$(BUILT_PRODUCTS_DIR)/Rock-Topo.app/Rock-Topo";
				FRAMEWORK_SEARCH_PATHS = (
					"$(SDKROOT)/Developer/Library/Frameworks",
					"$(inherited)",
					"$(DEVELOPER_FRAMEWORKS_DIR)",
				);
				GCC_PRECOMPILE_PREFIX_HEADER = YES;
				GCC_PREFIX_HEADER = "Rock-Topo/Rock-Topo-Prefix.pch";
				INFOPLIST_FILE = "Rock-TopoTests/Rock-TopoTests-Info.plist";
				PRODUCT_NAME = "$(TARGET_NAME)";
				TEST_HOST = "$(BUNDLE_LOADER)";
				WRAPPER_EXTENSION = xctest;
			};
			name = Release;
		};
/* End XCBuildConfiguration section */

/* Begin XCConfigurationList section */
		521306AB191EDC4900918F34 /* Build configuration list for PBXProject "Rock-Topo" */ = {
			isa = XCConfigurationList;
			buildConfigurations = (
				521306E0191EDC4900918F34 /* Debug */,
				521306E1191EDC4900918F34 /* Release */,
			);
			defaultConfigurationIsVisible = 0;
			defaultConfigurationName = Release;
		};
		521306E2191EDC4900918F34 /* Build configuration list for PBXNativeTarget "Rock-Topo" */ = {
			isa = XCConfigurationList;
			buildConfigurations = (
				521306E3191EDC4900918F34 /* Debug */,
				521306E4191EDC4900918F34 /* Release */,
			);
			defaultConfigurationIsVisible = 0;
			defaultConfigurationName = Release;
		};
		521306E5191EDC4900918F34 /* Build configuration list for PBXNativeTarget "Rock-TopoTests" */ = {
			isa = XCConfigurationList;
			buildConfigurations = (
				521306E6191EDC4900918F34 /* Debug */,
				521306E7191EDC4900918F34 /* Release */,
			);
			defaultConfigurationIsVisible = 0;
			defaultConfigurationName = Release;
		};
/* End XCConfigurationList section */
	};
	rootObject = 521306A8191EDC4900918F34 /* Project object */;
}
